{
  "nodes": {
    "catppuccin": {
      "locked": {
        "lastModified": 1716884128,
        "narHash": "sha256-hzTzcX/qIGf93WVvk2jlLL3N7IgIlWylOBQkgwfTq8w=",
        "owner": "catppuccin",
        "repo": "nix",
        "rev": "296adaf9331cd2c1eb479a25d5207508fbd06188",
        "type": "github"
      },
      "original": {
        "owner": "catppuccin",
        "repo": "nix",
        "type": "github"
      }
    },
    "hardware": {
      "locked": {
        "lastModified": 1716881121,
        "narHash": "sha256-oTf3enbe/lbiNzsyZ8ria+422hx4e/FB3xQcY2LPnJw=",
        "owner": "NixOS",
        "repo": "nixos-hardware",
        "rev": "806e9d4a933dd1e75592e88894d4bd2f296f5bbf",
        "type": "github"
      },
      "original": {
        "owner": "NixOS",
        "ref": "master",
        "repo": "nixos-hardware",
        "type": "github"
      }
    },
    "home-manager": {
      "inputs": {
        "nixpkgs": [
          "nixpkgs"
        ]
      },
      "locked": {
        "lastModified": 1716908526,
        "narHash": "sha256-Zl6e/sEVDh07K47XxDGPsXTYT4nI6llUDbQ4xMIwp7k=",
        "owner": "nix-community",
        "repo": "home-manager",
        "rev": "373ead20606efa9181cd15ba19a5deac7ead1492",
        "type": "github"
      },
      "original": {
        "owner": "nix-community",
        "ref": "master",
        "repo": "home-manager",
        "type": "github"
      }
    },
    "nix-flatpak": {
      "locked": {
        "lastModified": 1711997201,
        "narHash": "sha256-J71xzQlVYsjagA4AsVwRazhBh2rZrPpKvxTgs6UzL7c=",
        "owner": "gmodena",
        "repo": "nix-flatpak",
        "rev": "b76fa31346db7fc958a9898f3c594696ca71c4fd",
        "type": "github"
      },
      "original": {
        "owner": "gmodena",
        "ref": "v0.4.1",
        "repo": "nix-flatpak",
        "type": "github"
      }
    },
    "nixpkgs": {
      "locked": {
        "lastModified": 1716509168,
        "narHash": "sha256-4zSIhSRRIoEBwjbPm3YiGtbd8HDWzFxJjw5DYSDy1n8=",
        "owner": "nixos",
        "repo": "nixpkgs",
        "rev": "bfb7a882678e518398ce9a31a881538679f6f092",
        "type": "github"
      },
      "original": {
        "owner": "nixos",
        "ref": "nixos-unstable",
        "repo": "nixpkgs",
        "type": "github"
      }
    },
    "plasma-manager": {
      "inputs": {
        "home-manager": [
          "home-manager"
        ],
        "nixpkgs": [
          "nixpkgs"
        ]
      },
      "locked": {
        "lastModified": 1716902607,
        "narHash": "sha256-jShqpVupP/7ksp6gCBVG9/05zYSX8Q+z6eGe9HLYtUs=",
        "owner": "pjones",
        "repo": "plasma-manager",
        "rev": "4a255e5ea6bf2c7815d893a693c5c801d835ba6b",
        "type": "github"
      },
      "original": {
        "owner": "pjones",
        "repo": "plasma-manager",
        "type": "github"
      }
    },
    "root": {
      "inputs": {
        "catppuccin": "catppuccin",
        "hardware": "hardware",
        "home-manager": "home-manager",
        "nix-flatpak": "nix-flatpak",
        "nixpkgs": "nixpkgs",
        "plasma-manager": "plasma-manager"
      }
    }
  },
  "root": "root",
  "version": 7
}
